// !$*UTF8*$!
{
	archiveVersion = 1;
	classes = {
	};
	objectVersion = 55;
	objects = {

/* Begin PBXBuildFile section */
		8C2BC1612887D466009D5624 /* Book.storyboard in Resources */ = {isa = PBXBuildFile; fileRef = 8C2BC1602887D466009D5624 /* Book.storyboard */; };
		8C2BC1632887D479009D5624 /* BookCollectionViewController.swift in Sources */ = {isa = PBXBuildFile; fileRef = 8C2BC1622887D479009D5624 /* BookCollectionViewController.swift */; };
		8CD736AD2886B6D30048BFF8 /* AppDelegate.swift in Sources */ = {isa = PBXBuildFile; fileRef = 8CD736AC2886B6D30048BFF8 /* AppDelegate.swift */; };
		8CD736AF2886B6D30048BFF8 /* SceneDelegate.swift in Sources */ = {isa = PBXBuildFile; fileRef = 8CD736AE2886B6D30048BFF8 /* SceneDelegate.swift */; };
		8CD736B12886B6D30048BFF8 /* ViewController.swift in Sources */ = {isa = PBXBuildFile; fileRef = 8CD736B02886B6D30048BFF8 /* ViewController.swift */; };
		8CD736B42886B6D30048BFF8 /* Main.storyboard in Resources */ = {isa = PBXBuildFile; fileRef = 8CD736B22886B6D30048BFF8 /* Main.storyboard */; };
		8CD736B62886B6D50048BFF8 /* Assets.xcassets in Resources */ = {isa = PBXBuildFile; fileRef = 8CD736B52886B6D50048BFF8 /* Assets.xcassets */; };
		8CD736B92886B6D50048BFF8 /* LaunchScreen.storyboard in Resources */ = {isa = PBXBuildFile; fileRef = 8CD736B72886B6D50048BFF8 /* LaunchScreen.storyboard */; };
		8CD736C12886B70B0048BFF8 /* ShoppingTableViewController.swift in Sources */ = {isa = PBXBuildFile; fileRef = 8CD736C02886B70B0048BFF8 /* ShoppingTableViewController.swift */; };
		8CD736C32886B82D0048BFF8 /* ShoppingTableViewCell.swift in Sources */ = {isa = PBXBuildFile; fileRef = 8CD736C22886B82D0048BFF8 /* ShoppingTableViewCell.swift */; };
		8CD736C62886BCEC0048BFF8 /* Storyboard.storyboard in Resources */ = {isa = PBXBuildFile; fileRef = 8CD736C52886BCEC0048BFF8 /* Storyboard.storyboard */; };
		8CD736C82886C0130048BFF8 /* TrendMediaTableViewController.swift in Sources */ = {isa = PBXBuildFile; fileRef = 8CD736C72886C0130048BFF8 /* TrendMediaTableViewController.swift */; };
		8CD736CA2886C0940048BFF8 /* TrendMediaTableViewCell.swift in Sources */ = {isa = PBXBuildFile; fileRef = 8CD736C92886C0940048BFF8 /* TrendMediaTableViewCell.swift */; };
		8CD736CC28878C9E0048BFF8 /* Movie.swift in Sources */ = {isa = PBXBuildFile; fileRef = 8CD736CB28878C9E0048BFF8 /* Movie.swift */; };
		8CD736CE288795340048BFF8 /* MovieInfo.swift in Sources */ = {isa = PBXBuildFile; fileRef = 8CD736CD288795340048BFF8 /* MovieInfo.swift */; };
/* End PBXBuildFile section */

/* Begin PBXFileReference section */
		8C2BC1602887D466009D5624 /* Book.storyboard */ = {isa = PBXFileReference; lastKnownFileType = file.storyboard; path = Book.storyboard; sourceTree = "<group>"; };
		8C2BC1622887D479009D5624 /* BookCollectionViewController.swift */ = {isa = PBXFileReference; lastKnownFileType = sourcecode.swift; path = BookCollectionViewController.swift; sourceTree = "<group>"; };
		8CD736A92886B6D30048BFF8 /* Shopping.app */ = {isa = PBXFileReference; explicitFileType = wrapper.application; includeInIndex = 0; path = Shopping.app; sourceTree = BUILT_PRODUCTS_DIR; };
		8CD736AC2886B6D30048BFF8 /* AppDelegate.swift */ = {isa = PBXFileReference; lastKnownFileType = sourcecode.swift; path = AppDelegate.swift; sourceTree = "<group>"; };
		8CD736AE2886B6D30048BFF8 /* SceneDelegate.swift */ = {isa = PBXFileReference; lastKnownFileType = sourcecode.swift; path = SceneDelegate.swift; sourceTree = "<group>"; };
		8CD736B02886B6D30048BFF8 /* ViewController.swift */ = {isa = PBXFileReference; lastKnownFileType = sourcecode.swift; path = ViewController.swift; sourceTree = "<group>"; };
		8CD736B32886B6D30048BFF8 /* Base */ = {isa = PBXFileReference; lastKnownFileType = file.storyboard; name = Base; path = Base.lproj/Main.storyboard; sourceTree = "<group>"; };
		8CD736B52886B6D50048BFF8 /* Assets.xcassets */ = {isa = PBXFileReference; lastKnownFileType = folder.assetcatalog; path = Assets.xcassets; sourceTree = "<group>"; };
		8CD736B82886B6D50048BFF8 /* Base */ = {isa = PBXFileReference; lastKnownFileType = file.storyboard; name = Base; path = Base.lproj/LaunchScreen.storyboard; sourceTree = "<group>"; };
		8CD736BA2886B6D50048BFF8 /* Info.plist */ = {isa = PBXFileReference; lastKnownFileType = text.plist.xml; path = Info.plist; sourceTree = "<group>"; };
		8CD736C02886B70B0048BFF8 /* ShoppingTableViewController.swift */ = {isa = PBXFileReference; lastKnownFileType = sourcecode.swift; path = ShoppingTableViewController.swift; sourceTree = "<group>"; };
		8CD736C22886B82D0048BFF8 /* ShoppingTableViewCell.swift */ = {isa = PBXFileReference; lastKnownFileType = sourcecode.swift; path = ShoppingTableViewCell.swift; sourceTree = "<group>"; };
		8CD736C52886BCEC0048BFF8 /* Storyboard.storyboard */ = {isa = PBXFileReference; lastKnownFileType = file.storyboard; path = Storyboard.storyboard; sourceTree = "<group>"; };
		8CD736C72886C0130048BFF8 /* TrendMediaTableViewController.swift */ = {isa = PBXFileReference; lastKnownFileType = sourcecode.swift; path = TrendMediaTableViewController.swift; sourceTree = "<group>"; };
		8CD736C92886C0940048BFF8 /* TrendMediaTableViewCell.swift */ = {isa = PBXFileReference; lastKnownFileType = sourcecode.swift; path = TrendMediaTableViewCell.swift; sourceTree = "<group>"; };
		8CD736CB28878C9E0048BFF8 /* Movie.swift */ = {isa = PBXFileReference; lastKnownFileType = sourcecode.swift; path = Movie.swift; sourceTree = "<group>"; };
		8CD736CD288795340048BFF8 /* MovieInfo.swift */ = {isa = PBXFileReference; fileEncoding = 4; lastKnownFileType = sourcecode.swift; path = MovieInfo.swift; sourceTree = "<group>"; };
/* End PBXFileReference section */

/* Begin PBXFrameworksBuildPhase section */
		8CD736A62886B6D30048BFF8 /* Frameworks */ = {
			isa = PBXFrameworksBuildPhase;
			buildActionMask = 2147483647;
			files = (
			);
			runOnlyForDeploymentPostprocessing = 0;
		};
/* End PBXFrameworksBuildPhase section */

/* Begin PBXGroup section */
		8C2BC15F2887D44E009D5624 /* Book */ = {
			isa = PBXGroup;
			children = (
				8C2BC1602887D466009D5624 /* Book.storyboard */,
				8C2BC1622887D479009D5624 /* BookCollectionViewController.swift */,
			);
			path = Book;
			sourceTree = "<group>";
		};
		8CD736A02886B6D30048BFF8 = {
			isa = PBXGroup;
			children = (
				8C2BC15F2887D44E009D5624 /* Book */,
				8CD736C42886BCCF0048BFF8 /* TrendMedia */,
				8CD736AB2886B6D30048BFF8 /* Shopping */,
				8CD736AA2886B6D30048BFF8 /* Products */,
			);
			sourceTree = "<group>";
		};
		8CD736AA2886B6D30048BFF8 /* Products */ = {
			isa = PBXGroup;
			children = (
				8CD736A92886B6D30048BFF8 /* Shopping.app */,
			);
			name = Products;
			sourceTree = "<group>";
		};
		8CD736AB2886B6D30048BFF8 /* Shopping */ = {
			isa = PBXGroup;
			children = (
				8CD736AC2886B6D30048BFF8 /* AppDelegate.swift */,
				8CD736AE2886B6D30048BFF8 /* SceneDelegate.swift */,
				8CD736B02886B6D30048BFF8 /* ViewController.swift */,
				8CD736B22886B6D30048BFF8 /* Main.storyboard */,
				8CD736C02886B70B0048BFF8 /* ShoppingTableViewController.swift */,
				8CD736C22886B82D0048BFF8 /* ShoppingTableViewCell.swift */,
				8CD736B72886B6D50048BFF8 /* LaunchScreen.storyboard */,
				8CD736BA2886B6D50048BFF8 /* Info.plist */,
			);
			path = Shopping;
			sourceTree = "<group>";
		};
		8CD736C42886BCCF0048BFF8 /* TrendMedia */ = {
			isa = PBXGroup;
			children = (
				8CD736C52886BCEC0048BFF8 /* Storyboard.storyboard */,
				8CD736C72886C0130048BFF8 /* TrendMediaTableViewController.swift */,
				8CD736CB28878C9E0048BFF8 /* Movie.swift */,
				8CD736B52886B6D50048BFF8 /* Assets.xcassets */,
				8CD736CD288795340048BFF8 /* MovieInfo.swift */,
				8CD736C92886C0940048BFF8 /* TrendMediaTableViewCell.swift */,
			);
			path = TrendMedia;
			sourceTree = "<group>";
		};
/* End PBXGroup section */

/* Begin PBXNativeTarget section */
		8CD736A82886B6D30048BFF8 /* Shopping */ = {
			isa = PBXNativeTarget;
			buildConfigurationList = 8CD736BD2886B6D50048BFF8 /* Build configuration list for PBXNativeTarget "Shopping" */;
			buildPhases = (
				8CD736A52886B6D30048BFF8 /* Sources */,
				8CD736A62886B6D30048BFF8 /* Frameworks */,
				8CD736A72886B6D30048BFF8 /* Resources */,
			);
			buildRules = (
			);
			dependencies = (
			);
			name = Shopping;
			productName = Shopping;
			productReference = 8CD736A92886B6D30048BFF8 /* Shopping.app */;
			productType = "com.apple.product-type.application";
		};
/* End PBXNativeTarget section */

/* Begin PBXProject section */
		8CD736A12886B6D30048BFF8 /* Project object */ = {
			isa = PBXProject;
			attributes = {
				BuildIndependentTargetsInParallel = 1;
				LastSwiftUpdateCheck = 1340;
				LastUpgradeCheck = 1340;
				TargetAttributes = {
					8CD736A82886B6D30048BFF8 = {
						CreatedOnToolsVersion = 13.4.1;
					};
				};
			};
			buildConfigurationList = 8CD736A42886B6D30048BFF8 /* Build configuration list for PBXProject "Shopping" */;
			compatibilityVersion = "Xcode 13.0";
			developmentRegion = en;
			hasScannedForEncodings = 0;
			knownRegions = (
				en,
				Base,
			);
			mainGroup = 8CD736A02886B6D30048BFF8;
			productRefGroup = 8CD736AA2886B6D30048BFF8 /* Products */;
			projectDirPath = "";
			projectRoot = "";
			targets = (
				8CD736A82886B6D30048BFF8 /* Shopping */,
			);
		};
/* End PBXProject section */

/* Begin PBXResourcesBuildPhase section */
		8CD736A72886B6D30048BFF8 /* Resources */ = {
			isa = PBXResourcesBuildPhase;
			buildActionMask = 2147483647;
			files = (
				8CD736B92886B6D50048BFF8 /* LaunchScreen.storyboard in Resources */,
				8CD736C62886BCEC0048BFF8 /* Storyboard.storyboard in Resources */,
				8CD736B62886B6D50048BFF8 /* Assets.xcassets in Resources */,
				8C2BC1612887D466009D5624 /* Book.storyboard in Resources */,
				8CD736B42886B6D30048BFF8 /* Main.storyboard in Resources */,
			);
			runOnlyForDeploymentPostprocessing = 0;
		};
/* End PBXResourcesBuildPhase section */

/* Begin PBXSourcesBuildPhase section */
		8CD736A52886B6D30048BFF8 /* Sources */ = {
			isa = PBXSourcesBuildPhase;
			buildActionMask = 2147483647;
			files = (
				8CD736C32886B82D0048BFF8 /* ShoppingTableViewCell.swift in Sources */,
				8CD736CE288795340048BFF8 /* MovieInfo.swift in Sources */,
				8CD736B12886B6D30048BFF8 /* ViewController.swift in Sources */,
				8CD736CA2886C0940048BFF8 /* TrendMediaTableViewCell.swift in Sources */,
				8CD736C82886C0130048BFF8 /* TrendMediaTableViewController.swift in Sources */,
				8CD736C12886B70B0048BFF8 /* ShoppingTableViewController.swift in Sources */,
				8CD736AD2886B6D30048BFF8 /* AppDelegate.swift in Sources */,
				8CD736CC28878C9E0048BFF8 /* Movie.swift in Sources */,
				8CD736AF2886B6D30048BFF8 /* SceneDelegate.swift in Sources */,
				8C2BC1632887D479009D5624 /* BookCollectionViewController.swift in Sources */,
			);
			runOnlyForDeploymentPostprocessing = 0;
		};
/* End PBXSourcesBuildPhase section */

/* Begin PBXVariantGroup section */
		8CD736B22886B6D30048BFF8 /* Main.storyboard */ = {
			isa = PBXVariantGroup;
			children = (
				8CD736B32886B6D30048BFF8 /* Base */,
			);
			name = Main.storyboard;
			sourceTree = "<group>";
		};
		8CD736B72886B6D50048BFF8 /* LaunchScreen.storyboard */ = {
			isa = PBXVariantGroup;
			children = (
				8CD736B82886B6D50048BFF8 /* Base */,
			);
			name = LaunchScreen.storyboard;
			sourceTree = "<group>";
		};
/* End PBXVariantGroup section */

/* Begin XCBuildConfiguration section */
		8CD736BB2886B6D50048BFF8 /* Debug */ = {
			isa = XCBuildConfiguration;
			buildSettings = {
				ALWAYS_SEARCH_USER_PATHS = NO;
				CLANG_ANALYZER_NONNULL = YES;
				CLANG_ANALYZER_NUMBER_OBJECT_CONVERSION = YES_AGGRESSIVE;
				CLANG_CXX_LANGUAGE_STANDARD = "gnu++17";
				CLANG_ENABLE_MODULES = YES;
				CLANG_ENABLE_OBJC_ARC = YES;
				CLANG_ENABLE_OBJC_WEAK = YES;
				CLANG_WARN_BLOCK_CAPTURE_AUTORELEASING = YES;
				CLANG_WARN_BOOL_CONVERSION = YES;
				CLANG_WARN_COMMA = YES;
				CLANG_WARN_CONSTANT_CONVERSION = YES;
				CLANG_WARN_DEPRECATED_OBJC_IMPLEMENTATIONS = YES;
				CLANG_WARN_DIRECT_OBJC_ISA_USAGE = YES_ERROR;
				CLANG_WARN_DOCUMENTATION_COMMENTS = YES;
				CLANG_WARN_EMPTY_BODY = YES;
				CLANG_WARN_ENUM_CONVERSION = YES;
				CLANG_WARN_INFINITE_RECURSION = YES;
				CLANG_WARN_INT_CONVERSION = YES;
				CLANG_WARN_NON_LITERAL_NULL_CONVERSION = YES;
				CLANG_WARN_OBJC_IMPLICIT_RETAIN_SELF = YES;
				CLANG_WARN_OBJC_LITERAL_CONVERSION = YES;
				CLANG_WARN_OBJC_ROOT_CLASS = YES_ERROR;
				CLANG_WARN_QUOTED_INCLUDE_IN_FRAMEWORK_HEADER = YES;
				CLANG_WARN_RANGE_LOOP_ANALYSIS = YES;
				CLANG_WARN_STRICT_PROTOTYPES = YES;
				CLANG_WARN_SUSPICIOUS_MOVE = YES;
				CLANG_WARN_UNGUARDED_AVAILABILITY = YES_AGGRESSIVE;
				CLANG_WARN_UNREACHABLE_CODE = YES;
				CLANG_WARN__DUPLICATE_METHOD_MATCH = YES;
				COPY_PHASE_STRIP = NO;
				DEBUG_INFORMATION_FORMAT = dwarf;
				ENABLE_STRICT_OBJC_MSGSEND = YES;
				ENABLE_TESTABILITY = YES;
				GCC_C_LANGUAGE_STANDARD = gnu11;
				GCC_DYNAMIC_NO_PIC = NO;
				GCC_NO_COMMON_BLOCKS = YES;
				GCC_OPTIMIZATION_LEVEL = 0;
				GCC_PREPROCESSOR_DEFINITIONS = (
					"DEBUG=1",
					"$(inherited)",
				);
				GCC_WARN_64_TO_32_BIT_CONVERSION = YES;
				GCC_WARN_ABOUT_RETURN_TYPE = YES_ERROR;
				GCC_WARN_UNDECLARED_SELECTOR = YES;
				GCC_WARN_UNINITIALIZED_AUTOS = YES_AGGRESSIVE;
				GCC_WARN_UNUSED_FUNCTION = YES;
				GCC_WARN_UNUSED_VARIABLE = YES;
				IPHONEOS_DEPLOYMENT_TARGET = 15.5;
				MTL_ENABLE_DEBUG_INFO = INCLUDE_SOURCE;
				MTL_FAST_MATH = YES;
				ONLY_ACTIVE_ARCH = YES;
				SDKROOT = iphoneos;
				SWIFT_ACTIVE_COMPILATION_CONDITIONS = DEBUG;
				SWIFT_OPTIMIZATION_LEVEL = "-Onone";
			};
			name = Debug;
		};
		8CD736BC2886B6D50048BFF8 /* Release */ = {
			isa = XCBuildConfiguration;
			buildSettings = {
				ALWAYS_SEARCH_USER_PATHS = NO;
				CLANG_ANALYZER_NONNULL = YES;
				CLANG_ANALYZER_NUMBER_OBJECT_CONVERSION = YES_AGGRESSIVE;
				CLANG_CXX_LANGUAGE_STANDARD = "gnu++17";
				CLANG_ENABLE_MODULES = YES;
				CLANG_ENABLE_OBJC_ARC = YES;
				CLANG_ENABLE_OBJC_WEAK = YES;
				CLANG_WARN_BLOCK_CAPTURE_AUTORELEASING = YES;
				CLANG_WARN_BOOL_CONVERSION = YES;
				CLANG_WARN_COMMA = YES;
				CLANG_WARN_CONSTANT_CONVERSION = YES;
				CLANG_WARN_DEPRECATED_OBJC_IMPLEMENTATIONS = YES;
				CLANG_WARN_DIRECT_OBJC_ISA_USAGE = YES_ERROR;
				CLANG_WARN_DOCUMENTATION_COMMENTS = YES;
				CLANG_WARN_EMPTY_BODY = YES;
				CLANG_WARN_ENUM_CONVERSION = YES;
				CLANG_WARN_INFINITE_RECURSION = YES;
				CLANG_WARN_INT_CONVERSION = YES;
				CLANG_WARN_NON_LITERAL_NULL_CONVERSION = YES;
				CLANG_WARN_OBJC_IMPLICIT_RETAIN_SELF = YES;
				CLANG_WARN_OBJC_LITERAL_CONVERSION = YES;
				CLANG_WARN_OBJC_ROOT_CLASS = YES_ERROR;
				CLANG_WARN_QUOTED_INCLUDE_IN_FRAMEWORK_HEADER = YES;
				CLANG_WARN_RANGE_LOOP_ANALYSIS = YES;
				CLANG_WARN_STRICT_PROTOTYPES = YES;
				CLANG_WARN_SUSPICIOUS_MOVE = YES;
				CLANG_WARN_UNGUARDED_AVAILABILITY = YES_AGGRESSIVE;
				CLANG_WARN_UNREACHABLE_CODE = YES;
				CLANG_WARN__DUPLICATE_METHOD_MATCH = YES;
				COPY_PHASE_STRIP = NO;
				DEBUG_INFORMATION_FORMAT = "dwarf-with-dsym";
				ENABLE_NS_ASSERTIONS = NO;
				ENABLE_STRICT_OBJC_MSGSEND = YES;
				GCC_C_LANGUAGE_STANDARD = gnu11;
				GCC_NO_COMMON_BLOCKS = YES;
				GCC_WARN_64_TO_32_BIT_CONVERSION = YES;
				GCC_WARN_ABOUT_RETURN_TYPE = YES_ERROR;
				GCC_WARN_UNDECLARED_SELECTOR = YES;
				GCC_WARN_UNINITIALIZED_AUTOS = YES_AGGRESSIVE;
				GCC_WARN_UNUSED_FUNCTION = YES;
				GCC_WARN_UNUSED_VARIABLE = YES;
				IPHONEOS_DEPLOYMENT_TARGET = 15.5;
				MTL_ENABLE_DEBUG_INFO = NO;
				MTL_FAST_MATH = YES;
				SDKROOT = iphoneos;
				SWIFT_COMPILATION_MODE = wholemodule;
				SWIFT_OPTIMIZATION_LEVEL = "-O";
				VALIDATE_PRODUCT = YES;
			};
			name = Release;
		};
		8CD736BE2886B6D50048BFF8 /* Debug */ = {
			isa = XCBuildConfiguration;
			buildSettings = {
				ASSETCATALOG_COMPILER_APPICON_NAME = AppIcon;
				ASSETCATALOG_COMPILER_GLOBAL_ACCENT_COLOR_NAME = AccentColor;
				CODE_SIGN_STYLE = Automatic;
				CURRENT_PROJECT_VERSION = 1;
				DEVELOPMENT_TEAM = 5C6W5SYCQQ;
				GENERATE_INFOPLIST_FILE = YES;
				INFOPLIST_FILE = Shopping/Info.plist;
				INFOPLIST_KEY_UIApplicationSupportsIndirectInputEvents = YES;
				INFOPLIST_KEY_UILaunchStoryboardName = LaunchScreen;
				INFOPLIST_KEY_UIMainStoryboardFile = Main;
				INFOPLIST_KEY_UISupportedInterfaceOrientations_iPad = "UIInterfaceOrientationPortrait UIInterfaceOrientationPortraitUpsideDown UIInterfaceOrientationLandscapeLeft UIInterfaceOrientationLandscapeRight";
				INFOPLIST_KEY_UISupportedInterfaceOrientations_iPhone = "UIInterfaceOrientationPortrait UIInterfaceOrientationLandscapeLeft UIInterfaceOrientationLandscapeRight";
				LD_RUNPATH_SEARCH_PATHS = (
					"$(inherited)",
					"@executable_path/Frameworks",
				);
				MARKETING_VERSION = 1.0;
				PRODUCT_BUNDLE_IDENTIFIER = com.kate.Shopping;
				PRODUCT_NAME = "$(TARGET_NAME)";
				SWIFT_EMIT_LOC_STRINGS = YES;
				SWIFT_VERSION = 5.0;
				TARGETED_DEVICE_FAMILY = "1,2";
			};
			name = Debug;
		};
		8CD736BF2886B6D50048BFF8 /* Release */ = {
			isa = XCBuildConfiguration;
			buildSettings = {
				ASSETCATALOG_COMPILER_APPICON_NAME = AppIcon;
				ASSETCATALOG_COMPILER_GLOBAL_ACCENT_COLOR_NAME = AccentColor;
				CODE_SIGN_STYLE = Automatic;
				CURRENT_PROJECT_VERSION = 1;
				DEVELOPMENT_TEAM = 5C6W5SYCQQ;
				GENERATE_INFOPLIST_FILE = YES;
				INFOPLIST_FILE = Shopping/Info.plist;
				INFOPLIST_KEY_UIApplicationSupportsIndirectInputEvents = YES;
				INFOPLIST_KEY_UILaunchStoryboardName = LaunchScreen;
				INFOPLIST_KEY_UIMainStoryboardFile = Main;
				INFOPLIST_KEY_UISupportedInterfaceOrientations_iPad = "UIInterfaceOrientationPortrait UIInterfaceOrientationPortraitUpsideDown UIInterfaceOrientationLandscapeLeft UIInterfaceOrientationLandscapeRight";
				INFOPLIST_KEY_UISupportedInterfaceOrientations_iPhone = "UIInterfaceOrientationPortrait UIInterfaceOrientationLandscapeLeft UIInterfaceOrientationLandscapeRight";
				LD_RUNPATH_SEARCH_PATHS = (
					"$(inherited)",
					"@executable_path/Frameworks",
				);
				MARKETING_VERSION = 1.0;
				PRODUCT_BUNDLE_IDENTIFIER = com.kate.Shopping;
				PRODUCT_NAME = "$(TARGET_NAME)";
				SWIFT_EMIT_LOC_STRINGS = YES;
				SWIFT_VERSION = 5.0;
				TARGETED_DEVICE_FAMILY = "1,2";
			};
			name = Release;
		};
/* End XCBuildConfiguration section */

/* Begin XCConfigurationList section */
		8CD736A42886B6D30048BFF8 /* Build configuration list for PBXProject "Shopping" */ = {
			isa = XCConfigurationList;
			buildConfigurations = (
				8CD736BB2886B6D50048BFF8 /* Debug */,
				8CD736BC2886B6D50048BFF8 /* Release */,
			);
			defaultConfigurationIsVisible = 0;
			defaultConfigurationName = Release;
		};
		8CD736BD2886B6D50048BFF8 /* Build configuration list for PBXNativeTarget "Shopping" */ = {
			isa = XCConfigurationList;
			buildConfigurations = (
				8CD736BE2886B6D50048BFF8 /* Debug */,
				8CD736BF2886B6D50048BFF8 /* Release */,
			);
			defaultConfigurationIsVisible = 0;
			defaultConfigurationName = Release;
		};
/* End XCConfigurationList section */
	};
	rootObject = 8CD736A12886B6D30048BFF8 /* Project object */;
}
